speakeasyVersion: 1.633.1
sources:
    Attio API:
        sourceNamespace: attio-api
        sourceRevisionDigest: sha256:f09b2be9beb365ba3c7184d43f00f30fb8f9d2038a870aa3a6dbaae443e4e33f
        sourceBlobDigest: sha256:2878ac695184a130191811602f9c4ba73581601e39d8bdc59e185af0b6c1158b
        tags:
            - latest
            - 2.0.0
targets:
    attio:
        source: Attio API
        sourceNamespace: attio-api
        sourceRevisionDigest: sha256:f09b2be9beb365ba3c7184d43f00f30fb8f9d2038a870aa3a6dbaae443e4e33f
        sourceBlobDigest: sha256:2878ac695184a130191811602f9c4ba73581601e39d8bdc59e185af0b6c1158b
        codeSamplesNamespace: attio-api-python-code-samples
        codeSamplesRevisionDigest: sha256:42e2b5901805a79b040f8c770f263ea60a5286ef4f8a9acd40c6739bb6947c9f
workflow:
    workflowVersion: 1.0.0
    speakeasyVersion: latest
    sources:
        Attio API:
            inputs:
                - location: open-api.json
            overlays:
                - location: overlay.yaml
            registry:
                location: registry.speakeasyapi.dev/elviskahoro/attio/attio-api
    targets:
        attio:
            target: python
            source: Attio API
            codeSamples:
                registry:
                    location: registry.speakeasyapi.dev/elviskahoro/attio/attio-api-python-code-samples
                labelOverride:
                    fixedValue: Python (SDK)
                blocking: false
