speakeasyVersion: 1.633.1
sources:
    Attio API:
        sourceNamespace: attio-api
        sourceRevisionDigest: sha256:36a29d64cc23e235872ad9f038fcfe86a7dbb28ebdbc24bfc0ceca658d1c7477
        sourceBlobDigest: sha256:c77ed15aa13a24adaf32b988e042251689a44441ce945cfb05788c6d0b80658f
        tags:
            - latest
            - 2.0.0
targets:
    attio:
        source: Attio API
        sourceNamespace: attio-api
        sourceRevisionDigest: sha256:36a29d64cc23e235872ad9f038fcfe86a7dbb28ebdbc24bfc0ceca658d1c7477
        sourceBlobDigest: sha256:c77ed15aa13a24adaf32b988e042251689a44441ce945cfb05788c6d0b80658f
workflow:
    workflowVersion: 1.0.0
    speakeasyVersion: latest
    sources:
        Attio API:
            inputs:
                - location: .speakeasy/out.openapi.yaml
                - location: open-api.json
                - location: open-api.json
            overlays:
                - location: overlay.yaml
            registry:
                location: registry.speakeasyapi.dev/elviskahoro/attio/attio-api
    targets:
        attio:
            target: python
            source: Attio API
